// !$*UTF8*$!
{
	archiveVersion = 1;
	classes = {
	};
	objectVersion = 56;
	objects = {

/* Begin PBXBuildFile section */
		572550362BF2FFAC007DA2C6 /* TeslaAppApp.swift in Sources */ = {isa = PBXBuildFile; fileRef = 572550352BF2FFAC007DA2C6 /* TeslaAppApp.swift */; };
		572550382BF2FFAC007DA2C6 /* SettingsView.swift in Sources */ = {isa = PBXBuildFile; fileRef = 572550372BF2FFAC007DA2C6 /* SettingsView.swift */; };
		5725503A2BF2FFAE007DA2C6 /* Assets.xcassets in Resources */ = {isa = PBXBuildFile; fileRef = 572550392BF2FFAE007DA2C6 /* Assets.xcassets */; };
		5725503D2BF2FFAE007DA2C6 /* Preview Assets.xcassets in Resources */ = {isa = PBXBuildFile; fileRef = 5725503C2BF2FFAE007DA2C6 /* Preview Assets.xcassets */; };
		572550442BF313CD007DA2C6 /* Buttons.swift in Sources */ = {isa = PBXBuildFile; fileRef = 572550432BF313CD007DA2C6 /* Buttons.swift */; };
		572550482BF3274E007DA2C6 /* LockScreen.swift in Sources */ = {isa = PBXBuildFile; fileRef = 572550472BF3274E007DA2C6 /* LockScreen.swift */; };
		5725504A2BF3E3EF007DA2C6 /* NeomorphismSettings.swift in Sources */ = {isa = PBXBuildFile; fileRef = 572550492BF3E3EF007DA2C6 /* NeomorphismSettings.swift */; };
		5725504C2BF3FB8E007DA2C6 /* ClimateSettingsView.swift in Sources */ = {isa = PBXBuildFile; fileRef = 5725504B2BF3FB8E007DA2C6 /* ClimateSettingsView.swift */; };
		572550502BF3FD71007DA2C6 /* BackgroundView.swift in Sources */ = {isa = PBXBuildFile; fileRef = 5725504F2BF3FD71007DA2C6 /* BackgroundView.swift */; };
		572550522BF416DA007DA2C6 /* TemperatureTwisterView.swift in Sources */ = {isa = PBXBuildFile; fileRef = 572550512BF416DA007DA2C6 /* TemperatureTwisterView.swift */; };
		572550562BF433E3007DA2C6 /* SliderView.swift in Sources */ = {isa = PBXBuildFile; fileRef = 572550552BF433E3007DA2C6 /* SliderView.swift */; };
		5725505C2BF4843F007DA2C6 /* BottomSheetView.swift in Sources */ = {isa = PBXBuildFile; fileRef = 5725505B2BF4843F007DA2C6 /* BottomSheetView.swift */; };
		572550CE2BF691F3007DA2C6 /* LoadingView.swift in Sources */ = {isa = PBXBuildFile; fileRef = 572550CD2BF691F3007DA2C6 /* LoadingView.swift */; };
		572550D22BF6CB4B007DA2C6 /* TabBarBackgroundView.swift in Sources */ = {isa = PBXBuildFile; fileRef = 572550D12BF6CB4B007DA2C6 /* TabBarBackgroundView.swift */; };
		572550D42BF6CCA4007DA2C6 /* TabBarView.swift in Sources */ = {isa = PBXBuildFile; fileRef = 572550D32BF6CCA4007DA2C6 /* TabBarView.swift */; };
		572550D62BF6CD1F007DA2C6 /* ChargingView.swift in Sources */ = {isa = PBXBuildFile; fileRef = 572550D52BF6CD1F007DA2C6 /* ChargingView.swift */; };
		572550D82BF6DB09007DA2C6 /* InDevelopingView.swift in Sources */ = {isa = PBXBuildFile; fileRef = 572550D72BF6DB09007DA2C6 /* InDevelopingView.swift */; };
		572550DA2BF6FA51007DA2C6 /* SupportAlertView.swift in Sources */ = {isa = PBXBuildFile; fileRef = 572550D92BF6FA51007DA2C6 /* SupportAlertView.swift */; };
		572550DC2BF70146007DA2C6 /* BatteryView.swift in Sources */ = {isa = PBXBuildFile; fileRef = 572550DB2BF70146007DA2C6 /* BatteryView.swift */; };
		572551062BF7E381007DA2C6 /* SuperchargersView.swift in Sources */ = {isa = PBXBuildFile; fileRef = 572551052BF7E381007DA2C6 /* SuperchargersView.swift */; };
		57A4C57C2BF7FEAD005E88F4 /* Supercharger.swift in Sources */ = {isa = PBXBuildFile; fileRef = 57A4C57B2BF7FEAD005E88F4 /* Supercharger.swift */; };
		57A4C57E2BF811E0005E88F4 /* ChargerCityView.swift in Sources */ = {isa = PBXBuildFile; fileRef = 57A4C57D2BF811E0005E88F4 /* ChargerCityView.swift */; };
		57A4C5802BF81B60005E88F4 /* PlusButton.swift in Sources */ = {isa = PBXBuildFile; fileRef = 57A4C57F2BF81B60005E88F4 /* PlusButton.swift */; };
/* End PBXBuildFile section */

/* Begin PBXFileReference section */
		572550322BF2FFAC007DA2C6 /* TeslaApp.app */ = {isa = PBXFileReference; explicitFileType = wrapper.application; includeInIndex = 0; path = TeslaApp.app; sourceTree = BUILT_PRODUCTS_DIR; };
		572550352BF2FFAC007DA2C6 /* TeslaAppApp.swift */ = {isa = PBXFileReference; lastKnownFileType = sourcecode.swift; path = TeslaAppApp.swift; sourceTree = "<group>"; };
		572550372BF2FFAC007DA2C6 /* SettingsView.swift */ = {isa = PBXFileReference; lastKnownFileType = sourcecode.swift; path = SettingsView.swift; sourceTree = "<group>"; };
		572550392BF2FFAE007DA2C6 /* Assets.xcassets */ = {isa = PBXFileReference; lastKnownFileType = folder.assetcatalog; path = Assets.xcassets; sourceTree = "<group>"; };
		5725503C2BF2FFAE007DA2C6 /* Preview Assets.xcassets */ = {isa = PBXFileReference; lastKnownFileType = folder.assetcatalog; path = "Preview Assets.xcassets"; sourceTree = "<group>"; };
		572550432BF313CD007DA2C6 /* Buttons.swift */ = {isa = PBXFileReference; lastKnownFileType = sourcecode.swift; path = Buttons.swift; sourceTree = "<group>"; };
		572550472BF3274E007DA2C6 /* LockScreen.swift */ = {isa = PBXFileReference; lastKnownFileType = sourcecode.swift; path = LockScreen.swift; sourceTree = "<group>"; };
		572550492BF3E3EF007DA2C6 /* NeomorphismSettings.swift */ = {isa = PBXFileReference; lastKnownFileType = sourcecode.swift; path = NeomorphismSettings.swift; sourceTree = "<group>"; };
		5725504B2BF3FB8E007DA2C6 /* ClimateSettingsView.swift */ = {isa = PBXFileReference; lastKnownFileType = sourcecode.swift; path = ClimateSettingsView.swift; sourceTree = "<group>"; };
		5725504F2BF3FD71007DA2C6 /* BackgroundView.swift */ = {isa = PBXFileReference; lastKnownFileType = sourcecode.swift; path = BackgroundView.swift; sourceTree = "<group>"; };
		572550512BF416DA007DA2C6 /* TemperatureTwisterView.swift */ = {isa = PBXFileReference; lastKnownFileType = sourcecode.swift; path = TemperatureTwisterView.swift; sourceTree = "<group>"; };
		572550552BF433E3007DA2C6 /* SliderView.swift */ = {isa = PBXFileReference; lastKnownFileType = sourcecode.swift; path = SliderView.swift; sourceTree = "<group>"; };
		5725505B2BF4843F007DA2C6 /* BottomSheetView.swift */ = {isa = PBXFileReference; lastKnownFileType = sourcecode.swift; path = BottomSheetView.swift; sourceTree = "<group>"; };
		572550CD2BF691F3007DA2C6 /* LoadingView.swift */ = {isa = PBXFileReference; lastKnownFileType = sourcecode.swift; path = LoadingView.swift; sourceTree = "<group>"; };
		572550D12BF6CB4B007DA2C6 /* TabBarBackgroundView.swift */ = {isa = PBXFileReference; lastKnownFileType = sourcecode.swift; path = TabBarBackgroundView.swift; sourceTree = "<group>"; };
		572550D32BF6CCA4007DA2C6 /* TabBarView.swift */ = {isa = PBXFileReference; lastKnownFileType = sourcecode.swift; path = TabBarView.swift; sourceTree = "<group>"; };
		572550D52BF6CD1F007DA2C6 /* ChargingView.swift */ = {isa = PBXFileReference; lastKnownFileType = sourcecode.swift; path = ChargingView.swift; sourceTree = "<group>"; };
		572550D72BF6DB09007DA2C6 /* InDevelopingView.swift */ = {isa = PBXFileReference; lastKnownFileType = sourcecode.swift; path = InDevelopingView.swift; sourceTree = "<group>"; };
		572550D92BF6FA51007DA2C6 /* SupportAlertView.swift */ = {isa = PBXFileReference; lastKnownFileType = sourcecode.swift; path = SupportAlertView.swift; sourceTree = "<group>"; };
		572550DB2BF70146007DA2C6 /* BatteryView.swift */ = {isa = PBXFileReference; lastKnownFileType = sourcecode.swift; path = BatteryView.swift; sourceTree = "<group>"; };
		572551052BF7E381007DA2C6 /* SuperchargersView.swift */ = {isa = PBXFileReference; lastKnownFileType = sourcecode.swift; path = SuperchargersView.swift; sourceTree = "<group>"; };
		57A4C57B2BF7FEAD005E88F4 /* Supercharger.swift */ = {isa = PBXFileReference; lastKnownFileType = sourcecode.swift; path = Supercharger.swift; sourceTree = "<group>"; };
		57A4C57D2BF811E0005E88F4 /* ChargerCityView.swift */ = {isa = PBXFileReference; lastKnownFileType = sourcecode.swift; path = ChargerCityView.swift; sourceTree = "<group>"; };
		57A4C57F2BF81B60005E88F4 /* PlusButton.swift */ = {isa = PBXFileReference; lastKnownFileType = sourcecode.swift; path = PlusButton.swift; sourceTree = "<group>"; };
/* End PBXFileReference section */

/* Begin PBXFrameworksBuildPhase section */
		5725502F2BF2FFAC007DA2C6 /* Frameworks */ = {
			isa = PBXFrameworksBuildPhase;
			buildActionMask = 2147483647;
			files = (
			);
			runOnlyForDeploymentPostprocessing = 0;
		};
/* End PBXFrameworksBuildPhase section */

/* Begin PBXGroup section */
		572550292BF2FFAC007DA2C6 = {
			isa = PBXGroup;
			children = (
				572550342BF2FFAC007DA2C6 /* TeslaApp */,
				572550332BF2FFAC007DA2C6 /* Products */,
			);
			sourceTree = "<group>";
		};
		572550332BF2FFAC007DA2C6 /* Products */ = {
			isa = PBXGroup;
			children = (
				572550322BF2FFAC007DA2C6 /* TeslaApp.app */,
			);
			name = Products;
			sourceTree = "<group>";
		};
		572550342BF2FFAC007DA2C6 /* TeslaApp */ = {
			isa = PBXGroup;
			children = (
				572550352BF2FFAC007DA2C6 /* TeslaAppApp.swift */,
				572550472BF3274E007DA2C6 /* LockScreen.swift */,
				572550372BF2FFAC007DA2C6 /* SettingsView.swift */,
				5725504B2BF3FB8E007DA2C6 /* ClimateSettingsView.swift */,
				572550CD2BF691F3007DA2C6 /* LoadingView.swift */,
				572550D32BF6CCA4007DA2C6 /* TabBarView.swift */,
				572550D52BF6CD1F007DA2C6 /* ChargingView.swift */,
				572550D72BF6DB09007DA2C6 /* InDevelopingView.swift */,
				5725504D2BF3FD32007DA2C6 /* Additional Views */,
				5725504E2BF3FD3D007DA2C6 /* Supporting Files */,
				57A4C57A2BF7FE94005E88F4 /* Models */,
				572550392BF2FFAE007DA2C6 /* Assets.xcassets */,
				5725503B2BF2FFAE007DA2C6 /* Preview Content */,
			);
			path = TeslaApp;
			sourceTree = "<group>";
		};
		5725503B2BF2FFAE007DA2C6 /* Preview Content */ = {
			isa = PBXGroup;
			children = (
				5725503C2BF2FFAE007DA2C6 /* Preview Assets.xcassets */,
			);
			path = "Preview Content";
			sourceTree = "<group>";
		};
		5725504D2BF3FD32007DA2C6 /* Additional Views */ = {
			isa = PBXGroup;
			children = (
				5725504F2BF3FD71007DA2C6 /* BackgroundView.swift */,
				572550D12BF6CB4B007DA2C6 /* TabBarBackgroundView.swift */,
				572550DB2BF70146007DA2C6 /* BatteryView.swift */,
				572551052BF7E381007DA2C6 /* SuperchargersView.swift */,
				572550D92BF6FA51007DA2C6 /* SupportAlertView.swift */,
				57A4C57D2BF811E0005E88F4 /* ChargerCityView.swift */,
				572550512BF416DA007DA2C6 /* TemperatureTwisterView.swift */,
				572550552BF433E3007DA2C6 /* SliderView.swift */,
				5725505B2BF4843F007DA2C6 /* BottomSheetView.swift */,
				57A4C57F2BF81B60005E88F4 /* PlusButton.swift */,
			);
			path = "Additional Views";
			sourceTree = "<group>";
		};
		5725504E2BF3FD3D007DA2C6 /* Supporting Files */ = {
			isa = PBXGroup;
			children = (
				572550432BF313CD007DA2C6 /* Buttons.swift */,
				572550492BF3E3EF007DA2C6 /* NeomorphismSettings.swift */,
			);
			path = "Supporting Files";
			sourceTree = "<group>";
		};
		57A4C57A2BF7FE94005E88F4 /* Models */ = {
			isa = PBXGroup;
			children = (
				57A4C57B2BF7FEAD005E88F4 /* Supercharger.swift */,
			);
			path = Models;
			sourceTree = "<group>";
		};
/* End PBXGroup section */

/* Begin PBXNativeTarget section */
		572550312BF2FFAC007DA2C6 /* TeslaApp */ = {
			isa = PBXNativeTarget;
			buildConfigurationList = 572550402BF2FFAE007DA2C6 /* Build configuration list for PBXNativeTarget "TeslaApp" */;
			buildPhases = (
				5725502E2BF2FFAC007DA2C6 /* Sources */,
				5725502F2BF2FFAC007DA2C6 /* Frameworks */,
				572550302BF2FFAC007DA2C6 /* Resources */,
			);
			buildRules = (
			);
			dependencies = (
			);
			name = TeslaApp;
			productName = TeslaApp;
			productReference = 572550322BF2FFAC007DA2C6 /* TeslaApp.app */;
			productType = "com.apple.product-type.application";
		};
/* End PBXNativeTarget section */

/* Begin PBXProject section */
		5725502A2BF2FFAC007DA2C6 /* Project object */ = {
			isa = PBXProject;
			attributes = {
				BuildIndependentTargetsInParallel = 1;
				LastSwiftUpdateCheck = 1520;
				LastUpgradeCheck = 1520;
				TargetAttributes = {
					572550312BF2FFAC007DA2C6 = {
						CreatedOnToolsVersion = 15.2;
					};
				};
			};
			buildConfigurationList = 5725502D2BF2FFAC007DA2C6 /* Build configuration list for PBXProject "TeslaApp" */;
			compatibilityVersion = "Xcode 14.0";
			developmentRegion = en;
			hasScannedForEncodings = 0;
			knownRegions = (
				en,
				Base,
			);
			mainGroup = 572550292BF2FFAC007DA2C6;
			productRefGroup = 572550332BF2FFAC007DA2C6 /* Products */;
			projectDirPath = "";
			projectRoot = "";
			targets = (
				572550312BF2FFAC007DA2C6 /* TeslaApp */,
			);
		};
/* End PBXProject section */

/* Begin PBXResourcesBuildPhase section */
		572550302BF2FFAC007DA2C6 /* Resources */ = {
			isa = PBXResourcesBuildPhase;
			buildActionMask = 2147483647;
			files = (
				5725503D2BF2FFAE007DA2C6 /* Preview Assets.xcassets in Resources */,
				5725503A2BF2FFAE007DA2C6 /* Assets.xcassets in Resources */,
			);
			runOnlyForDeploymentPostprocessing = 0;
		};
/* End PBXResourcesBuildPhase section */

/* Begin PBXSourcesBuildPhase section */
		5725502E2BF2FFAC007DA2C6 /* Sources */ = {
			isa = PBXSourcesBuildPhase;
			buildActionMask = 2147483647;
			files = (
				572550D62BF6CD1F007DA2C6 /* ChargingView.swift in Sources */,
				572550DA2BF6FA51007DA2C6 /* SupportAlertView.swift in Sources */,
				572550482BF3274E007DA2C6 /* LockScreen.swift in Sources */,
				5725505C2BF4843F007DA2C6 /* BottomSheetView.swift in Sources */,
				572550DC2BF70146007DA2C6 /* BatteryView.swift in Sources */,
				572550D42BF6CCA4007DA2C6 /* TabBarView.swift in Sources */,
				572550382BF2FFAC007DA2C6 /* SettingsView.swift in Sources */,
				572550CE2BF691F3007DA2C6 /* LoadingView.swift in Sources */,
				572550D82BF6DB09007DA2C6 /* InDevelopingView.swift in Sources */,
				572550D22BF6CB4B007DA2C6 /* TabBarBackgroundView.swift in Sources */,
				572550522BF416DA007DA2C6 /* TemperatureTwisterView.swift in Sources */,
				57A4C5802BF81B60005E88F4 /* PlusButton.swift in Sources */,
				572550562BF433E3007DA2C6 /* SliderView.swift in Sources */,
				57A4C57C2BF7FEAD005E88F4 /* Supercharger.swift in Sources */,
				572550442BF313CD007DA2C6 /* Buttons.swift in Sources */,
				572550502BF3FD71007DA2C6 /* BackgroundView.swift in Sources */,
				5725504A2BF3E3EF007DA2C6 /* NeomorphismSettings.swift in Sources */,
				572550362BF2FFAC007DA2C6 /* TeslaAppApp.swift in Sources */,
				5725504C2BF3FB8E007DA2C6 /* ClimateSettingsView.swift in Sources */,
				572551062BF7E381007DA2C6 /* SuperchargersView.swift in Sources */,
				57A4C57E2BF811E0005E88F4 /* ChargerCityView.swift in Sources */,
			);
			runOnlyForDeploymentPostprocessing = 0;
		};
/* End PBXSourcesBuildPhase section */

/* Begin XCBuildConfiguration section */
		5725503E2BF2FFAE007DA2C6 /* Debug */ = {
			isa = XCBuildConfiguration;
			buildSettings = {
				ALWAYS_SEARCH_USER_PATHS = NO;
				ASSETCATALOG_COMPILER_GENERATE_SWIFT_ASSET_SYMBOL_EXTENSIONS = YES;
				CLANG_ANALYZER_NONNULL = YES;
				CLANG_ANALYZER_NUMBER_OBJECT_CONVERSION = YES_AGGRESSIVE;
				CLANG_CXX_LANGUAGE_STANDARD = "gnu++20";
				CLANG_ENABLE_MODULES = YES;
				CLANG_ENABLE_OBJC_ARC = YES;
				CLANG_ENABLE_OBJC_WEAK = YES;
				CLANG_WARN_BLOCK_CAPTURE_AUTORELEASING = YES;
				CLANG_WARN_BOOL_CONVERSION = YES;
				CLANG_WARN_COMMA = YES;
				CLANG_WARN_CONSTANT_CONVERSION = YES;
				CLANG_WARN_DEPRECATED_OBJC_IMPLEMENTATIONS = YES;
				CLANG_WARN_DIRECT_OBJC_ISA_USAGE = YES_ERROR;
				CLANG_WARN_DOCUMENTATION_COMMENTS = YES;
				CLANG_WARN_EMPTY_BODY = YES;
				CLANG_WARN_ENUM_CONVERSION = YES;
				CLANG_WARN_INFINITE_RECURSION = YES;
				CLANG_WARN_INT_CONVERSION = YES;
				CLANG_WARN_NON_LITERAL_NULL_CONVERSION = YES;
				CLANG_WARN_OBJC_IMPLICIT_RETAIN_SELF = YES;
				CLANG_WARN_OBJC_LITERAL_CONVERSION = YES;
				CLANG_WARN_OBJC_ROOT_CLASS = YES_ERROR;
				CLANG_WARN_QUOTED_INCLUDE_IN_FRAMEWORK_HEADER = YES;
				CLANG_WARN_RANGE_LOOP_ANALYSIS = YES;
				CLANG_WARN_STRICT_PROTOTYPES = YES;
				CLANG_WARN_SUSPICIOUS_MOVE = YES;
				CLANG_WARN_UNGUARDED_AVAILABILITY = YES_AGGRESSIVE;
				CLANG_WARN_UNREACHABLE_CODE = YES;
				CLANG_WARN__DUPLICATE_METHOD_MATCH = YES;
				COPY_PHASE_STRIP = NO;
				DEBUG_INFORMATION_FORMAT = dwarf;
				ENABLE_STRICT_OBJC_MSGSEND = YES;
				ENABLE_TESTABILITY = YES;
				ENABLE_USER_SCRIPT_SANDBOXING = YES;
				GCC_C_LANGUAGE_STANDARD = gnu17;
				GCC_DYNAMIC_NO_PIC = NO;
				GCC_NO_COMMON_BLOCKS = YES;
				GCC_OPTIMIZATION_LEVEL = 0;
				GCC_PREPROCESSOR_DEFINITIONS = (
					"DEBUG=1",
					"$(inherited)",
				);
				GCC_WARN_64_TO_32_BIT_CONVERSION = YES;
				GCC_WARN_ABOUT_RETURN_TYPE = YES_ERROR;
				GCC_WARN_UNDECLARED_SELECTOR = YES;
				GCC_WARN_UNINITIALIZED_AUTOS = YES_AGGRESSIVE;
				GCC_WARN_UNUSED_FUNCTION = YES;
				GCC_WARN_UNUSED_VARIABLE = YES;
				IPHONEOS_DEPLOYMENT_TARGET = 17.2;
				LOCALIZATION_PREFERS_STRING_CATALOGS = YES;
				MTL_ENABLE_DEBUG_INFO = INCLUDE_SOURCE;
				MTL_FAST_MATH = YES;
				ONLY_ACTIVE_ARCH = YES;
				SDKROOT = iphoneos;
				SWIFT_ACTIVE_COMPILATION_CONDITIONS = "DEBUG $(inherited)";
				SWIFT_OPTIMIZATION_LEVEL = "-Onone";
			};
			name = Debug;
		};
		5725503F2BF2FFAE007DA2C6 /* Release */ = {
			isa = XCBuildConfiguration;
			buildSettings = {
				ALWAYS_SEARCH_USER_PATHS = NO;
				ASSETCATALOG_COMPILER_GENERATE_SWIFT_ASSET_SYMBOL_EXTENSIONS = YES;
				CLANG_ANALYZER_NONNULL = YES;
				CLANG_ANALYZER_NUMBER_OBJECT_CONVERSION = YES_AGGRESSIVE;
				CLANG_CXX_LANGUAGE_STANDARD = "gnu++20";
				CLANG_ENABLE_MODULES = YES;
				CLANG_ENABLE_OBJC_ARC = YES;
				CLANG_ENABLE_OBJC_WEAK = YES;
				CLANG_WARN_BLOCK_CAPTURE_AUTORELEASING = YES;
				CLANG_WARN_BOOL_CONVERSION = YES;
				CLANG_WARN_COMMA = YES;
				CLANG_WARN_CONSTANT_CONVERSION = YES;
				CLANG_WARN_DEPRECATED_OBJC_IMPLEMENTATIONS = YES;
				CLANG_WARN_DIRECT_OBJC_ISA_USAGE = YES_ERROR;
				CLANG_WARN_DOCUMENTATION_COMMENTS = YES;
				CLANG_WARN_EMPTY_BODY = YES;
				CLANG_WARN_ENUM_CONVERSION = YES;
				CLANG_WARN_INFINITE_RECURSION = YES;
				CLANG_WARN_INT_CONVERSION = YES;
				CLANG_WARN_NON_LITERAL_NULL_CONVERSION = YES;
				CLANG_WARN_OBJC_IMPLICIT_RETAIN_SELF = YES;
				CLANG_WARN_OBJC_LITERAL_CONVERSION = YES;
				CLANG_WARN_OBJC_ROOT_CLASS = YES_ERROR;
				CLANG_WARN_QUOTED_INCLUDE_IN_FRAMEWORK_HEADER = YES;
				CLANG_WARN_RANGE_LOOP_ANALYSIS = YES;
				CLANG_WARN_STRICT_PROTOTYPES = YES;
				CLANG_WARN_SUSPICIOUS_MOVE = YES;
				CLANG_WARN_UNGUARDED_AVAILABILITY = YES_AGGRESSIVE;
				CLANG_WARN_UNREACHABLE_CODE = YES;
				CLANG_WARN__DUPLICATE_METHOD_MATCH = YES;
				COPY_PHASE_STRIP = NO;
				DEBUG_INFORMATION_FORMAT = "dwarf-with-dsym";
				ENABLE_NS_ASSERTIONS = NO;
				ENABLE_STRICT_OBJC_MSGSEND = YES;
				ENABLE_USER_SCRIPT_SANDBOXING = YES;
				GCC_C_LANGUAGE_STANDARD = gnu17;
				GCC_NO_COMMON_BLOCKS = YES;
				GCC_WARN_64_TO_32_BIT_CONVERSION = YES;
				GCC_WARN_ABOUT_RETURN_TYPE = YES_ERROR;
				GCC_WARN_UNDECLARED_SELECTOR = YES;
				GCC_WARN_UNINITIALIZED_AUTOS = YES_AGGRESSIVE;
				GCC_WARN_UNUSED_FUNCTION = YES;
				GCC_WARN_UNUSED_VARIABLE = YES;
				IPHONEOS_DEPLOYMENT_TARGET = 17.2;
				LOCALIZATION_PREFERS_STRING_CATALOGS = YES;
				MTL_ENABLE_DEBUG_INFO = NO;
				MTL_FAST_MATH = YES;
				SDKROOT = iphoneos;
				SWIFT_COMPILATION_MODE = wholemodule;
				VALIDATE_PRODUCT = YES;
			};
			name = Release;
		};
		572550412BF2FFAE007DA2C6 /* Debug */ = {
			isa = XCBuildConfiguration;
			buildSettings = {
				ASSETCATALOG_COMPILER_APPICON_NAME = AppIcon;
				ASSETCATALOG_COMPILER_GLOBAL_ACCENT_COLOR_NAME = AccentColor;
				CODE_SIGN_STYLE = Automatic;
				CURRENT_PROJECT_VERSION = 1;
				DEVELOPMENT_ASSET_PATHS = "\"TeslaApp/Preview Content\"";
				DEVELOPMENT_TEAM = YZT8MU55TB;
				ENABLE_PREVIEWS = YES;
				GENERATE_INFOPLIST_FILE = YES;
				INFOPLIST_KEY_UIApplicationSceneManifest_Generation = YES;
				INFOPLIST_KEY_UIApplicationSupportsIndirectInputEvents = YES;
				INFOPLIST_KEY_UILaunchScreen_Generation = YES;
				INFOPLIST_KEY_UISupportedInterfaceOrientations_iPad = "UIInterfaceOrientationPortrait UIInterfaceOrientationPortraitUpsideDown UIInterfaceOrientationLandscapeLeft UIInterfaceOrientationLandscapeRight";
				INFOPLIST_KEY_UISupportedInterfaceOrientations_iPhone = "UIInterfaceOrientationPortrait UIInterfaceOrientationLandscapeLeft UIInterfaceOrientationLandscapeRight";
				IPHONEOS_DEPLOYMENT_TARGET = 17.0;
				LD_RUNPATH_SEARCH_PATHS = (
					"$(inherited)",
					"@executable_path/Frameworks",
				);
				MARKETING_VERSION = 1.0;
				PRODUCT_BUNDLE_IDENTIFIER = ru.vifinance.TeslaApp;
				PRODUCT_NAME = "$(TARGET_NAME)";
				SWIFT_EMIT_LOC_STRINGS = YES;
				SWIFT_VERSION = 5.0;
				TARGETED_DEVICE_FAMILY = "1,2";
			};
			name = Debug;
		};
		572550422BF2FFAE007DA2C6 /* Release */ = {
			isa = XCBuildConfiguration;
			buildSettings = {
				ASSETCATALOG_COMPILER_APPICON_NAME = AppIcon;
				ASSETCATALOG_COMPILER_GLOBAL_ACCENT_COLOR_NAME = AccentColor;
				CODE_SIGN_STYLE = Automatic;
				CURRENT_PROJECT_VERSION = 1;
				DEVELOPMENT_ASSET_PATHS = "\"TeslaApp/Preview Content\"";
				DEVELOPMENT_TEAM = YZT8MU55TB;
				ENABLE_PREVIEWS = YES;
				GENERATE_INFOPLIST_FILE = YES;
				INFOPLIST_KEY_UIApplicationSceneManifest_Generation = YES;
				INFOPLIST_KEY_UIApplicationSupportsIndirectInputEvents = YES;
				INFOPLIST_KEY_UILaunchScreen_Generation = YES;
				INFOPLIST_KEY_UISupportedInterfaceOrientations_iPad = "UIInterfaceOrientationPortrait UIInterfaceOrientationPortraitUpsideDown UIInterfaceOrientationLandscapeLeft UIInterfaceOrientationLandscapeRight";
				INFOPLIST_KEY_UISupportedInterfaceOrientations_iPhone = "UIInterfaceOrientationPortrait UIInterfaceOrientationLandscapeLeft UIInterfaceOrientationLandscapeRight";
				IPHONEOS_DEPLOYMENT_TARGET = 17.0;
				LD_RUNPATH_SEARCH_PATHS = (
					"$(inherited)",
					"@executable_path/Frameworks",
				);
				MARKETING_VERSION = 1.0;
				PRODUCT_BUNDLE_IDENTIFIER = ru.vifinance.TeslaApp;
				PRODUCT_NAME = "$(TARGET_NAME)";
				SWIFT_EMIT_LOC_STRINGS = YES;
				SWIFT_VERSION = 5.0;
				TARGETED_DEVICE_FAMILY = "1,2";
			};
			name = Release;
		};
/* End XCBuildConfiguration section */

/* Begin XCConfigurationList section */
		5725502D2BF2FFAC007DA2C6 /* Build configuration list for PBXProject "TeslaApp" */ = {
			isa = XCConfigurationList;
			buildConfigurations = (
				5725503E2BF2FFAE007DA2C6 /* Debug */,
				5725503F2BF2FFAE007DA2C6 /* Release */,
			);
			defaultConfigurationIsVisible = 0;
			defaultConfigurationName = Release;
		};
		572550402BF2FFAE007DA2C6 /* Build configuration list for PBXNativeTarget "TeslaApp" */ = {
			isa = XCConfigurationList;
			buildConfigurations = (
				572550412BF2FFAE007DA2C6 /* Debug */,
				572550422BF2FFAE007DA2C6 /* Release */,
			);
			defaultConfigurationIsVisible = 0;
			defaultConfigurationName = Release;
		};
/* End XCConfigurationList section */
	};
	rootObject = 5725502A2BF2FFAC007DA2C6 /* Project object */;
}
